
Microsoft Visual Studio Solution File, Format Version 12.00
# Visual Studio 15
VisualStudioVersion = 15.0.28307.489
MinimumVisualStudioVersion = 10.0.40219.1
Project("{FAE04EC0-301F-11D3-BF4B-00C04F79EFBC}") = "PIZZA-APP", "PIZZA-APP\PIZZA-APP.csproj", "{FB130726-D20E-428D-80A4-4B15928A1438}"
EndProject
Global
	GlobalSection(SolutionConfigurationPlatforms) = preSolution
		Debug|Any CPU = Debug|Any CPU
		Release|Any CPU = Release|Any CPU
	EndGlobalSection
	GlobalSection(ProjectConfigurationPlatforms) = postSolution
		{FB130726-D20E-428D-80A4-4B15928A1438}.Debug|Any CPU.ActiveCfg = Debug|Any CPU
		{FB130726-D20E-428D-80A4-4B15928A1438}.Debug|Any CPU.Build.0 = Debug|Any CPU
		{FB130726-D20E-428D-80A4-4B15928A1438}.Release|Any CPU.ActiveCfg = Release|Any CPU
		{FB130726-D20E-428D-80A4-4B15928A1438}.Release|Any CPU.Build.0 = Release|Any CPU
	EndGlobalSection
	GlobalSection(SolutionProperties) = preSolution
		HideSolutionNode = FALSE
	EndGlobalSection
	GlobalSection(ExtensibilityGlobals) = postSolution
		SolutionGuid = {AE5C16BF-DABE-49EC-B936-11969D855F13}
	EndGlobalSection
EndGlobal
